PODS:
  - ReactiveCocoa (10.2.0):
    - ReactiveSwift (~> 6.2)
  - ReactiveSwift (6.2.1)
  - SwiftLint (0.39.1)

DEPENDENCIES:
  - ReactiveCocoa
  - ReactiveSwift
  - SwiftLint

SPEC REPOS:
  trunk:
    - ReactiveCocoa
    - ReactiveSwift
    - SwiftLint

SPEC CHECKSUMS:
  ReactiveCocoa: a123c42f449c552460a4ee217dd49c76a17c8204
  ReactiveSwift: 07ddf579f4eb3ee3bd656214f0461aaf2c0fd639
  SwiftLint: 55e96a4a4d537d4a3156859fc1c54bd24851a046

PODFILE CHECKSUM: ef5ee88849f0cc06160ef352f9f4d9ea569871a8

COCOAPODS: 1.8.3
