// !$*UTF8*$!
{
	archiveVersion = 1;
	classes = {
	};
	objectVersion = 51;
	objects = {

/* Begin PBXBuildFile section */
		4B8EC7877D37E981561FFBC8 /* Pods_NeuralBikes.framework in Frameworks */ = {isa = PBXBuildFile; fileRef = 6220DF872C197086F71CB20C /* Pods_NeuralBikes.framework */; };
		77A458860DEDDFAAAFEDB0E9 /* Pods_NeuralBikes_NeuralBikesUITests.framework in Frameworks */ = {isa = PBXBuildFile; fileRef = 5BBDE4491502D8F02B574545 /* Pods_NeuralBikes_NeuralBikesUITests.framework */; };
		80002921243FB92F00862C75 /* NeuralBikesTests.swift in Sources */ = {isa = PBXBuildFile; fileRef = 80002920243FB92F00862C75 /* NeuralBikesTests.swift */; };
		8000292A243FBBB200862C75 /* Cities.swift in Sources */ = {isa = PBXBuildFile; fileRef = 80A8216923D9B7E4003DD67D /* Cities.swift */; };
		8000476F23EF425300492DFB /* NeuralBikesUITests.swift in Sources */ = {isa = PBXBuildFile; fileRef = 8000476E23EF425300492DFB /* NeuralBikesUITests.swift */; };
		8000477723EF426000492DFB /* SnapshotHelper.swift in Sources */ = {isa = PBXBuildFile; fileRef = 8000477623EF426000492DFB /* SnapshotHelper.swift */; };
		8000477B23F06C1100492DFB /* StoreKitHelper.swift in Sources */ = {isa = PBXBuildFile; fileRef = 8000477A23F06C1100492DFB /* StoreKitHelper.swift */; };
		8002ED7C2397FC5E008ABB6B /* LocationServices.swift in Sources */ = {isa = PBXBuildFile; fileRef = 8002ED7B2397FC5E008ABB6B /* LocationServices.swift */; };
		800CE942239559F700674D1C /* Constants.swift in Sources */ = {isa = PBXBuildFile; fileRef = 800CE941239559F700674D1C /* Constants.swift */; };
		800CE94423955A7F00674D1C /* LocalDataManagerError.swift in Sources */ = {isa = PBXBuildFile; fileRef = 800CE94323955A7F00674D1C /* LocalDataManagerError.swift */; };
		800DDD4C23ED510700FCE4E5 /* BiciMad.swift in Sources */ = {isa = PBXBuildFile; fileRef = 800DDD4B23ED510700FCE4E5 /* BiciMad.swift */; };
		80109135236E2DEC00D3C45E /* LocalDataManager.swift in Sources */ = {isa = PBXBuildFile; fileRef = 80109134236E2DEC00D3C45E /* LocalDataManager.swift */; };
		80109137236E2DFA00D3C45E /* DataManager.swift in Sources */ = {isa = PBXBuildFile; fileRef = 80109136236E2DFA00D3C45E /* DataManager.swift */; };
		80109139236E2F9700D3C45E /* RemoteDataManager.swift in Sources */ = {isa = PBXBuildFile; fileRef = 80109138236E2F9700D3C45E /* RemoteDataManager.swift */; };
		80109141236E316E00D3C45E /* HomeViewController.swift in Sources */ = {isa = PBXBuildFile; fileRef = 80109140236E316E00D3C45E /* HomeViewController.swift */; };
		80109143236E317700D3C45E /* HomeViewModel.swift in Sources */ = {isa = PBXBuildFile; fileRef = 80109142236E317700D3C45E /* HomeViewModel.swift */; };
		80109145236E320300D3C45E /* AppCoordinator.swift in Sources */ = {isa = PBXBuildFile; fileRef = 80109144236E320300D3C45E /* AppCoordinator.swift */; };
		80167168240F08F400957EA9 /* StoreKit.framework in Frameworks */ = {isa = PBXBuildFile; fileRef = 80167167240F08F400957EA9 /* StoreKit.framework */; };
		8018E1572451889400CE7796 /* LogHelper.swift in Sources */ = {isa = PBXBuildFile; fileRef = 8018E1562451889400CE7796 /* LogHelper.swift */; };
		801ECE3B236F3B7D003CFAF7 /* MapPin.swift in Sources */ = {isa = PBXBuildFile; fileRef = 801ECE3A236F3B7D003CFAF7 /* MapPin.swift */; };
		801ECE3D236F3B90003CFAF7 /* CustomAnnotationView.swift in Sources */ = {isa = PBXBuildFile; fileRef = 801ECE3C236F3B90003CFAF7 /* CustomAnnotationView.swift */; };
		801ECE42236F3BD1003CFAF7 /* UIColor.swift in Sources */ = {isa = PBXBuildFile; fileRef = 801ECE41236F3BD1003CFAF7 /* UIColor.swift */; };
		801ECE46236F3C10003CFAF7 /* String.swift in Sources */ = {isa = PBXBuildFile; fileRef = 801ECE45236F3C10003CFAF7 /* String.swift */; };
		80280598244220AC008138BA /* DefaultRemoteDataManager.swift in Sources */ = {isa = PBXBuildFile; fileRef = 80628464236ED87900717472 /* DefaultRemoteDataManager.swift */; };
		80280599244222E7008138BA /* Result.swift in Sources */ = {isa = PBXBuildFile; fileRef = 80628462236ED79300717472 /* Result.swift */; };
		8028059A244222ED008138BA /* CityBikes.swift in Sources */ = {isa = PBXBuildFile; fileRef = 807C88AF23EB17CA003BA644 /* CityBikes.swift */; };
		8028059B2442252F008138BA /* RemoteDataManager.swift in Sources */ = {isa = PBXBuildFile; fileRef = 80109138236E2F9700D3C45E /* RemoteDataManager.swift */; };
		8028059D24422550008138BA /* BiciMad.swift in Sources */ = {isa = PBXBuildFile; fileRef = 800DDD4B23ED510700FCE4E5 /* BiciMad.swift */; };
		8028059E2442256E008138BA /* NextBike.swift in Sources */ = {isa = PBXBuildFile; fileRef = 807C88B223EB17EC003BA644 /* NextBike.swift */; };
		8028059F2442319C008138BA /* Constants.swift in Sources */ = {isa = PBXBuildFile; fileRef = 800CE941239559F700674D1C /* Constants.swift */; };
		80299FDB243B80BC0094EDB2 /* IAPHelper.swift in Sources */ = {isa = PBXBuildFile; fileRef = 80299FDA243B80BC0094EDB2 /* IAPHelper.swift */; };
		80299FDE243B860F0094EDB2 /* StoreKitProducts.swift in Sources */ = {isa = PBXBuildFile; fileRef = 80299FDD243B860F0094EDB2 /* StoreKitProducts.swift */; };
		80299FE1243B94C40094EDB2 /* ConfettiKit.swift in Sources */ = {isa = PBXBuildFile; fileRef = 80299FE0243B94C40094EDB2 /* ConfettiKit.swift */; };
		80299FE4243B9A5E0094EDB2 /* RestorePurchases.strings in Resources */ = {isa = PBXBuildFile; fileRef = 80299FE6243B9A5E0094EDB2 /* RestorePurchases.strings */; };
		80299FE9243C6E220094EDB2 /* FeedBackGenerator.swift in Sources */ = {isa = PBXBuildFile; fileRef = 80299FE8243C6E220094EDB2 /* FeedBackGenerator.swift */; };
		80395205241E85A400E15B87 /* RestorePurchasesViewController.swift in Sources */ = {isa = PBXBuildFile; fileRef = 80395204241E85A400E15B87 /* RestorePurchasesViewController.swift */; };
		80395207241E85B600E15B87 /* RestorePurchasesViewModel.swift in Sources */ = {isa = PBXBuildFile; fileRef = 80395206241E85B600E15B87 /* RestorePurchasesViewModel.swift */; };
		803B6AF72469C3180022A586 /* LogInFormData.swift in Sources */ = {isa = PBXBuildFile; fileRef = 803B6AF62469C3180022A586 /* LogInFormData.swift */; };
		803B6B00246AF3DD0022A586 /* LogInViewModel.swift in Sources */ = {isa = PBXBuildFile; fileRef = 803B6AFF246AF3DD0022A586 /* LogInViewModel.swift */; };
		803B6B02246AF3E60022A586 /* LogInViewController.swift in Sources */ = {isa = PBXBuildFile; fileRef = 803B6B01246AF3E60022A586 /* LogInViewController.swift */; };
		803B6D0A243A88010080E115 /* Double.swift in Sources */ = {isa = PBXBuildFile; fileRef = 803B6D09243A88010080E115 /* Double.swift */; };
		803FD8A123C71FAF008DDE91 /* GraphView.swift in Sources */ = {isa = PBXBuildFile; fileRef = 803FD8A023C71FAF008DDE91 /* GraphView.swift */; };
		805B5A2323EE050C000F3CC5 /* Bundle.swift in Sources */ = {isa = PBXBuildFile; fileRef = 805B5A2223EE050C000F3CC5 /* Bundle.swift */; };
		80628461236E34C500717472 /* Coordinator.swift in Sources */ = {isa = PBXBuildFile; fileRef = 80628460236E34C500717472 /* Coordinator.swift */; };
		80628463236ED79300717472 /* Result.swift in Sources */ = {isa = PBXBuildFile; fileRef = 80628462236ED79300717472 /* Result.swift */; };
		80628465236ED87900717472 /* DefaultRemoteDataManager.swift in Sources */ = {isa = PBXBuildFile; fileRef = 80628464236ED87900717472 /* DefaultRemoteDataManager.swift */; };
		8062846A236EE22F00717472 /* DefaultLocalDataManager.swift in Sources */ = {isa = PBXBuildFile; fileRef = 80628469236EE22F00717472 /* DefaultLocalDataManager.swift */; };
		8074D333245736C4006B3062 /* Key.swift in Sources */ = {isa = PBXBuildFile; fileRef = 8074D332245736C4006B3062 /* Key.swift */; };
		8074D335245736E6006B3062 /* UserCredentials.swift in Sources */ = {isa = PBXBuildFile; fileRef = 8074D334245736E6006B3062 /* UserCredentials.swift */; };
		8074D33724573704006B3062 /* User.swift in Sources */ = {isa = PBXBuildFile; fileRef = 8074D33624573704006B3062 /* User.swift */; };
		8074D33924573712006B3062 /* LogInResponse.swift in Sources */ = {isa = PBXBuildFile; fileRef = 8074D33824573712006B3062 /* LogInResponse.swift */; };
		8074D33B24573720006B3062 /* LogInResponseError.swift in Sources */ = {isa = PBXBuildFile; fileRef = 8074D33A24573720006B3062 /* LogInResponseError.swift */; };
		8074D33D2457372B006B3062 /* BaseResponse.swift in Sources */ = {isa = PBXBuildFile; fileRef = 8074D33C2457372B006B3062 /* BaseResponse.swift */; };
		8074D33F24573748006B3062 /* Rent.swift in Sources */ = {isa = PBXBuildFile; fileRef = 8074D33E24573748006B3062 /* Rent.swift */; };
		8074D3412457375E006B3062 /* RentResponse.swift in Sources */ = {isa = PBXBuildFile; fileRef = 8074D3402457375E006B3062 /* RentResponse.swift */; };
		8074D3432457376D006B3062 /* UserR.swift in Sources */ = {isa = PBXBuildFile; fileRef = 8074D3422457376D006B3062 /* UserR.swift */; };
		8074D3452457377B006B3062 /* BikeList.swift in Sources */ = {isa = PBXBuildFile; fileRef = 8074D3442457377B006B3062 /* BikeList.swift */; };
		8074D347245737BE006B3062 /* GetActiveRentalsResponse.swift in Sources */ = {isa = PBXBuildFile; fileRef = 8074D346245737BE006B3062 /* GetActiveRentalsResponse.swift */; };
		8074D349245737F7006B3062 /* RentalCollection.swift in Sources */ = {isa = PBXBuildFile; fileRef = 8074D348245737F7006B3062 /* RentalCollection.swift */; };
		8074D34B24573806006B3062 /* MyAPIResponse.swift in Sources */ = {isa = PBXBuildFile; fileRef = 8074D34A24573806006B3062 /* MyAPIResponse.swift */; };
		8074D34D24573816006B3062 /* MyAllAPIResponseItem.swift in Sources */ = {isa = PBXBuildFile; fileRef = 8074D34C24573816006B3062 /* MyAllAPIResponseItem.swift */; };
		8074D34F2457382C006B3062 /* MyAllAPIResponse.swift in Sources */ = {isa = PBXBuildFile; fileRef = 8074D34E2457382C006B3062 /* MyAllAPIResponse.swift */; };
		8074D35124573CFA006B3062 /* NBTextField.swift in Sources */ = {isa = PBXBuildFile; fileRef = 8074D35024573CFA006B3062 /* NBTextField.swift */; };
		8074D35324573E98006B3062 /* BikeServicesDataManager.swift in Sources */ = {isa = PBXBuildFile; fileRef = 8074D35224573E98006B3062 /* BikeServicesDataManager.swift */; };
		8074D35624573F8D006B3062 /* NextBikeBikeServicesDataManager.swift in Sources */ = {isa = PBXBuildFile; fileRef = 8074D35524573F8D006B3062 /* NextBikeBikeServicesDataManager.swift */; };
		807C88A323EAD638003BA644 /* Home.strings in Resources */ = {isa = PBXBuildFile; fileRef = 807C88A523EAD638003BA644 /* Home.strings */; };
		807C88B023EB17CA003BA644 /* CityBikes.swift in Sources */ = {isa = PBXBuildFile; fileRef = 807C88AF23EB17CA003BA644 /* CityBikes.swift */; };
		807C88B323EB17EC003BA644 /* NextBike.swift in Sources */ = {isa = PBXBuildFile; fileRef = 807C88B223EB17EC003BA644 /* NextBike.swift */; };
		8085CC5D236E2CB500B45A7C /* AppDelegate.swift in Sources */ = {isa = PBXBuildFile; fileRef = 8085CC5C236E2CB500B45A7C /* AppDelegate.swift */; };
		8085CC66236E2CB800B45A7C /* Assets.xcassets in Resources */ = {isa = PBXBuildFile; fileRef = 8085CC65236E2CB800B45A7C /* Assets.xcassets */; };
		8085CC69236E2CB800B45A7C /* LaunchScreen.storyboard in Resources */ = {isa = PBXBuildFile; fileRef = 8085CC67236E2CB800B45A7C /* LaunchScreen.storyboard */; };
		809953F52416C76F00B44DC9 /* InsightsViewController.swift in Sources */ = {isa = PBXBuildFile; fileRef = 809953F42416C76F00B44DC9 /* InsightsViewController.swift */; };
		809953F72416C77700B44DC9 /* InsightsViewModel.swift in Sources */ = {isa = PBXBuildFile; fileRef = 809953F62416C77700B44DC9 /* InsightsViewModel.swift */; };
		8099540A24181C5B00B44DC9 /* TimeInterval.swift in Sources */ = {isa = PBXBuildFile; fileRef = 8099540924181C5B00B44DC9 /* TimeInterval.swift */; };
		8099541324193E2200B44DC9 /* RoutePlannerTableViewCell.swift in Sources */ = {isa = PBXBuildFile; fileRef = 8099541224193E2200B44DC9 /* RoutePlannerTableViewCell.swift */; };
		8099541424193F5600B44DC9 /* RoutePlanner.strings in Resources */ = {isa = PBXBuildFile; fileRef = 8099541624193F5600B44DC9 /* RoutePlanner.strings */; };
		80A8216823D9AD74003DD67D /* UIUserInterfaceIdiom.swift in Sources */ = {isa = PBXBuildFile; fileRef = 80A8216723D9AD74003DD67D /* UIUserInterfaceIdiom.swift */; };
		80A8216A23D9B7E4003DD67D /* Cities.swift in Sources */ = {isa = PBXBuildFile; fileRef = 80A8216923D9B7E4003DD67D /* Cities.swift */; };
		80ABE1F0243E148E004920D8 /* UIAlertController.swift in Sources */ = {isa = PBXBuildFile; fileRef = 80ABE1EF243E148E004920D8 /* UIAlertController.swift */; };
		80B1D016241A95F20072D1D9 /* UIView.swift in Sources */ = {isa = PBXBuildFile; fileRef = 80B1D015241A95F20072D1D9 /* UIView.swift */; };
		80B1D018241AB3140072D1D9 /* RoutePlannerError.swift in Sources */ = {isa = PBXBuildFile; fileRef = 80B1D017241AB3140072D1D9 /* RoutePlannerError.swift */; };
		80B1D019241ABCCC0072D1D9 /* String.swift in Sources */ = {isa = PBXBuildFile; fileRef = 801ECE45236F3C10003CFAF7 /* String.swift */; };
		80D288BD241BC52E004EE583 /* UIStackView.swift in Sources */ = {isa = PBXBuildFile; fileRef = 80D288BC241BC52E004EE583 /* UIStackView.swift */; };
		80D288BF241D5150004EE583 /* Binding.swift in Sources */ = {isa = PBXBuildFile; fileRef = 80D288BE241D5150004EE583 /* Binding.swift */; };
		80D288C1241D5200004EE583 /* UITestingHelper.swift in Sources */ = {isa = PBXBuildFile; fileRef = 80D288C0241D5200004EE583 /* UITestingHelper.swift */; };
		80D288C3241E3063004EE583 /* RoutePlannerStationModel.swift in Sources */ = {isa = PBXBuildFile; fileRef = 80D288C2241E3063004EE583 /* RoutePlannerStationModel.swift */; };
		80E7D8A92456033E00D49894 /* NBButton.swift in Sources */ = {isa = PBXBuildFile; fileRef = 80E7D8A82456033E00D49894 /* NBButton.swift */; };
		80FFDE3224683D4A00436BA6 /* NBStackView.swift in Sources */ = {isa = PBXBuildFile; fileRef = 80FFDE3124683D4A00436BA6 /* NBStackView.swift */; };
		80FFDE342468407500436BA6 /* NBLabel.swift in Sources */ = {isa = PBXBuildFile; fileRef = 80FFDE332468407500436BA6 /* NBLabel.swift */; };
		80FFDE362468614000436BA6 /* UIApplication.swift in Sources */ = {isa = PBXBuildFile; fileRef = 80FFDE352468614000436BA6 /* UIApplication.swift */; };
		80FFDE3824689C4600436BA6 /* SettingsErrors.swift in Sources */ = {isa = PBXBuildFile; fileRef = 80FFDE3724689C4600436BA6 /* SettingsErrors.swift */; };
		80FFDE3D24689C5C00436BA6 /* SettingsViewControler.swift in Sources */ = {isa = PBXBuildFile; fileRef = 80FFDE3924689C5C00436BA6 /* SettingsViewControler.swift */; };
		80FFDE3F24689C5C00436BA6 /* SettingsViewModel.swift in Sources */ = {isa = PBXBuildFile; fileRef = 80FFDE3B24689C5C00436BA6 /* SettingsViewModel.swift */; };
		80FFDE4324689DEF00436BA6 /* Settings.strings in Resources */ = {isa = PBXBuildFile; fileRef = 80FFDE4524689DEF00436BA6 /* Settings.strings */; };
/* End PBXBuildFile section */

/* Begin PBXContainerItemProxy section */
		80002923243FB92F00862C75 /* PBXContainerItemProxy */ = {
			isa = PBXContainerItemProxy;
			containerPortal = 8085CC51236E2CB500B45A7C /* Project object */;
			proxyType = 1;
			remoteGlobalIDString = 8085CC58236E2CB500B45A7C;
			remoteInfo = Bicis;
		};
		8000477123EF425300492DFB /* PBXContainerItemProxy */ = {
			isa = PBXContainerItemProxy;
			containerPortal = 8085CC51236E2CB500B45A7C /* Project object */;
			proxyType = 1;
			remoteGlobalIDString = 8085CC58236E2CB500B45A7C;
			remoteInfo = Bicis;
		};
/* End PBXContainerItemProxy section */

/* Begin PBXFileReference section */
		1472B5D618BCE2E94598894E /* Pods_BicisTests.framework */ = {isa = PBXFileReference; explicitFileType = wrapper.framework; includeInIndex = 0; path = Pods_BicisTests.framework; sourceTree = BUILT_PRODUCTS_DIR; };
		46D06B14A5467C8188C20B1C /* Pods-NeuralBikes-NeuralBikesUITests.debug.xcconfig */ = {isa = PBXFileReference; includeInIndex = 1; lastKnownFileType = text.xcconfig; name = "Pods-NeuralBikes-NeuralBikesUITests.debug.xcconfig"; path = "Target Support Files/Pods-NeuralBikes-NeuralBikesUITests/Pods-NeuralBikes-NeuralBikesUITests.debug.xcconfig"; sourceTree = "<group>"; };
		5BBDE4491502D8F02B574545 /* Pods_NeuralBikes_NeuralBikesUITests.framework */ = {isa = PBXFileReference; explicitFileType = wrapper.framework; includeInIndex = 0; path = Pods_NeuralBikes_NeuralBikesUITests.framework; sourceTree = BUILT_PRODUCTS_DIR; };
		6220DF872C197086F71CB20C /* Pods_NeuralBikes.framework */ = {isa = PBXFileReference; explicitFileType = wrapper.framework; includeInIndex = 0; path = Pods_NeuralBikes.framework; sourceTree = BUILT_PRODUCTS_DIR; };
		644E8E3F87CF67AFCCA7E9B0 /* Pods-Bicis-BicisUITests.debug.xcconfig */ = {isa = PBXFileReference; includeInIndex = 1; lastKnownFileType = text.xcconfig; name = "Pods-Bicis-BicisUITests.debug.xcconfig"; path = "Target Support Files/Pods-Bicis-BicisUITests/Pods-Bicis-BicisUITests.debug.xcconfig"; sourceTree = "<group>"; };
		79D733FBA41973B1311630B3 /* Pods-Bicis.release.xcconfig */ = {isa = PBXFileReference; includeInIndex = 1; lastKnownFileType = text.xcconfig; name = "Pods-Bicis.release.xcconfig"; path = "Target Support Files/Pods-Bicis/Pods-Bicis.release.xcconfig"; sourceTree = "<group>"; };
		8000291E243FB92F00862C75 /* NeuralBikesTests.xctest */ = {isa = PBXFileReference; explicitFileType = wrapper.cfbundle; includeInIndex = 0; path = NeuralBikesTests.xctest; sourceTree = BUILT_PRODUCTS_DIR; };
		80002920243FB92F00862C75 /* NeuralBikesTests.swift */ = {isa = PBXFileReference; lastKnownFileType = sourcecode.swift; path = NeuralBikesTests.swift; sourceTree = "<group>"; };
		80002922243FB92F00862C75 /* Info.plist */ = {isa = PBXFileReference; lastKnownFileType = text.plist.xml; path = Info.plist; sourceTree = "<group>"; };
		8000476C23EF425300492DFB /* NeuralBikesUITests.xctest */ = {isa = PBXFileReference; explicitFileType = wrapper.cfbundle; includeInIndex = 0; path = NeuralBikesUITests.xctest; sourceTree = BUILT_PRODUCTS_DIR; };
		8000476E23EF425300492DFB /* NeuralBikesUITests.swift */ = {isa = PBXFileReference; lastKnownFileType = sourcecode.swift; path = NeuralBikesUITests.swift; sourceTree = "<group>"; };
		8000477023EF425300492DFB /* Info.plist */ = {isa = PBXFileReference; lastKnownFileType = text.plist.xml; path = Info.plist; sourceTree = "<group>"; };
		8000477623EF426000492DFB /* SnapshotHelper.swift */ = {isa = PBXFileReference; fileEncoding = 4; lastKnownFileType = sourcecode.swift; name = SnapshotHelper.swift; path = fastlane/SnapshotHelper.swift; sourceTree = SOURCE_ROOT; };
		8000477A23F06C1100492DFB /* StoreKitHelper.swift */ = {isa = PBXFileReference; lastKnownFileType = sourcecode.swift; path = StoreKitHelper.swift; sourceTree = "<group>"; };
		8002ED7B2397FC5E008ABB6B /* LocationServices.swift */ = {isa = PBXFileReference; lastKnownFileType = sourcecode.swift; path = LocationServices.swift; sourceTree = "<group>"; };
		800CE941239559F700674D1C /* Constants.swift */ = {isa = PBXFileReference; lastKnownFileType = sourcecode.swift; path = Constants.swift; sourceTree = "<group>"; };
		800CE94323955A7F00674D1C /* LocalDataManagerError.swift */ = {isa = PBXFileReference; lastKnownFileType = sourcecode.swift; path = LocalDataManagerError.swift; sourceTree = "<group>"; };
		800CE94523955BD400674D1C /* NeuralBikes.entitlements */ = {isa = PBXFileReference; lastKnownFileType = text.plist.entitlements; path = NeuralBikes.entitlements; sourceTree = "<group>"; };
		800DDD4B23ED510700FCE4E5 /* BiciMad.swift */ = {isa = PBXFileReference; lastKnownFileType = sourcecode.swift; path = BiciMad.swift; sourceTree = "<group>"; };
		80109134236E2DEC00D3C45E /* LocalDataManager.swift */ = {isa = PBXFileReference; lastKnownFileType = sourcecode.swift; path = LocalDataManager.swift; sourceTree = "<group>"; };
		80109136236E2DFA00D3C45E /* DataManager.swift */ = {isa = PBXFileReference; lastKnownFileType = sourcecode.swift; path = DataManager.swift; sourceTree = "<group>"; };
		80109138236E2F9700D3C45E /* RemoteDataManager.swift */ = {isa = PBXFileReference; lastKnownFileType = sourcecode.swift; path = RemoteDataManager.swift; sourceTree = "<group>"; };
		80109140236E316E00D3C45E /* HomeViewController.swift */ = {isa = PBXFileReference; lastKnownFileType = sourcecode.swift; path = HomeViewController.swift; sourceTree = "<group>"; };
		80109142236E317700D3C45E /* HomeViewModel.swift */ = {isa = PBXFileReference; lastKnownFileType = sourcecode.swift; path = HomeViewModel.swift; sourceTree = "<group>"; };
		80109144236E320300D3C45E /* AppCoordinator.swift */ = {isa = PBXFileReference; lastKnownFileType = sourcecode.swift; path = AppCoordinator.swift; sourceTree = "<group>"; };
		80167167240F08F400957EA9 /* StoreKit.framework */ = {isa = PBXFileReference; lastKnownFileType = wrapper.framework; name = StoreKit.framework; path = System/Library/Frameworks/StoreKit.framework; sourceTree = SDKROOT; };
		8018E1562451889400CE7796 /* LogHelper.swift */ = {isa = PBXFileReference; lastKnownFileType = sourcecode.swift; path = LogHelper.swift; sourceTree = "<group>"; };
		801ECE3A236F3B7D003CFAF7 /* MapPin.swift */ = {isa = PBXFileReference; lastKnownFileType = sourcecode.swift; path = MapPin.swift; sourceTree = "<group>"; };
		801ECE3C236F3B90003CFAF7 /* CustomAnnotationView.swift */ = {isa = PBXFileReference; lastKnownFileType = sourcecode.swift; path = CustomAnnotationView.swift; sourceTree = "<group>"; };
		801ECE41236F3BD1003CFAF7 /* UIColor.swift */ = {isa = PBXFileReference; lastKnownFileType = sourcecode.swift; path = UIColor.swift; sourceTree = "<group>"; };
		801ECE45236F3C10003CFAF7 /* String.swift */ = {isa = PBXFileReference; lastKnownFileType = sourcecode.swift; path = String.swift; sourceTree = "<group>"; };
		80299FDA243B80BC0094EDB2 /* IAPHelper.swift */ = {isa = PBXFileReference; lastKnownFileType = sourcecode.swift; path = IAPHelper.swift; sourceTree = "<group>"; };
		80299FDD243B860F0094EDB2 /* StoreKitProducts.swift */ = {isa = PBXFileReference; lastKnownFileType = sourcecode.swift; path = StoreKitProducts.swift; sourceTree = "<group>"; };
		80299FE0243B94C40094EDB2 /* ConfettiKit.swift */ = {isa = PBXFileReference; lastKnownFileType = sourcecode.swift; path = ConfettiKit.swift; sourceTree = "<group>"; };
		80299FE5243B9A5E0094EDB2 /* en */ = {isa = PBXFileReference; lastKnownFileType = text.plist.strings; name = en; path = en.lproj/RestorePurchases.strings; sourceTree = "<group>"; };
		80299FE7243B9A600094EDB2 /* es */ = {isa = PBXFileReference; lastKnownFileType = text.plist.strings; name = es; path = es.lproj/RestorePurchases.strings; sourceTree = "<group>"; };
		80299FE8243C6E220094EDB2 /* FeedBackGenerator.swift */ = {isa = PBXFileReference; lastKnownFileType = sourcecode.swift; path = FeedBackGenerator.swift; sourceTree = "<group>"; };
		80395204241E85A400E15B87 /* RestorePurchasesViewController.swift */ = {isa = PBXFileReference; lastKnownFileType = sourcecode.swift; path = RestorePurchasesViewController.swift; sourceTree = "<group>"; };
		80395206241E85B600E15B87 /* RestorePurchasesViewModel.swift */ = {isa = PBXFileReference; lastKnownFileType = sourcecode.swift; path = RestorePurchasesViewModel.swift; sourceTree = "<group>"; };
		803B6AF62469C3180022A586 /* LogInFormData.swift */ = {isa = PBXFileReference; lastKnownFileType = sourcecode.swift; path = LogInFormData.swift; sourceTree = "<group>"; };
		803B6AFF246AF3DD0022A586 /* LogInViewModel.swift */ = {isa = PBXFileReference; lastKnownFileType = sourcecode.swift; path = LogInViewModel.swift; sourceTree = "<group>"; };
		803B6B01246AF3E60022A586 /* LogInViewController.swift */ = {isa = PBXFileReference; lastKnownFileType = sourcecode.swift; path = LogInViewController.swift; sourceTree = "<group>"; };
		803B6D09243A88010080E115 /* Double.swift */ = {isa = PBXFileReference; lastKnownFileType = sourcecode.swift; path = Double.swift; sourceTree = "<group>"; };
		803FD8A023C71FAF008DDE91 /* GraphView.swift */ = {isa = PBXFileReference; lastKnownFileType = sourcecode.swift; path = GraphView.swift; sourceTree = "<group>"; };
		805B5A2223EE050C000F3CC5 /* Bundle.swift */ = {isa = PBXFileReference; lastKnownFileType = sourcecode.swift; path = Bundle.swift; sourceTree = "<group>"; };
		80628460236E34C500717472 /* Coordinator.swift */ = {isa = PBXFileReference; lastKnownFileType = sourcecode.swift; path = Coordinator.swift; sourceTree = "<group>"; };
		80628462236ED79300717472 /* Result.swift */ = {isa = PBXFileReference; lastKnownFileType = sourcecode.swift; path = Result.swift; sourceTree = "<group>"; };
		80628464236ED87900717472 /* DefaultRemoteDataManager.swift */ = {isa = PBXFileReference; lastKnownFileType = sourcecode.swift; path = DefaultRemoteDataManager.swift; sourceTree = "<group>"; };
		80628469236EE22F00717472 /* DefaultLocalDataManager.swift */ = {isa = PBXFileReference; lastKnownFileType = sourcecode.swift; path = DefaultLocalDataManager.swift; sourceTree = "<group>"; };
		8074D332245736C4006B3062 /* Key.swift */ = {isa = PBXFileReference; lastKnownFileType = sourcecode.swift; path = Key.swift; sourceTree = "<group>"; };
		8074D334245736E6006B3062 /* UserCredentials.swift */ = {isa = PBXFileReference; lastKnownFileType = sourcecode.swift; path = UserCredentials.swift; sourceTree = "<group>"; };
		8074D33624573704006B3062 /* User.swift */ = {isa = PBXFileReference; lastKnownFileType = sourcecode.swift; path = User.swift; sourceTree = "<group>"; };
		8074D33824573712006B3062 /* LogInResponse.swift */ = {isa = PBXFileReference; lastKnownFileType = sourcecode.swift; path = LogInResponse.swift; sourceTree = "<group>"; };
		8074D33A24573720006B3062 /* LogInResponseError.swift */ = {isa = PBXFileReference; lastKnownFileType = sourcecode.swift; path = LogInResponseError.swift; sourceTree = "<group>"; };
		8074D33C2457372B006B3062 /* BaseResponse.swift */ = {isa = PBXFileReference; lastKnownFileType = sourcecode.swift; path = BaseResponse.swift; sourceTree = "<group>"; };
		8074D33E24573748006B3062 /* Rent.swift */ = {isa = PBXFileReference; lastKnownFileType = sourcecode.swift; path = Rent.swift; sourceTree = "<group>"; };
		8074D3402457375E006B3062 /* RentResponse.swift */ = {isa = PBXFileReference; lastKnownFileType = sourcecode.swift; path = RentResponse.swift; sourceTree = "<group>"; };
		8074D3422457376D006B3062 /* UserR.swift */ = {isa = PBXFileReference; lastKnownFileType = sourcecode.swift; path = UserR.swift; sourceTree = "<group>"; };
		8074D3442457377B006B3062 /* BikeList.swift */ = {isa = PBXFileReference; lastKnownFileType = sourcecode.swift; path = BikeList.swift; sourceTree = "<group>"; };
		8074D346245737BE006B3062 /* GetActiveRentalsResponse.swift */ = {isa = PBXFileReference; lastKnownFileType = sourcecode.swift; path = GetActiveRentalsResponse.swift; sourceTree = "<group>"; };
		8074D348245737F7006B3062 /* RentalCollection.swift */ = {isa = PBXFileReference; lastKnownFileType = sourcecode.swift; path = RentalCollection.swift; sourceTree = "<group>"; };
		8074D34A24573806006B3062 /* MyAPIResponse.swift */ = {isa = PBXFileReference; lastKnownFileType = sourcecode.swift; path = MyAPIResponse.swift; sourceTree = "<group>"; };
		8074D34C24573816006B3062 /* MyAllAPIResponseItem.swift */ = {isa = PBXFileReference; lastKnownFileType = sourcecode.swift; path = MyAllAPIResponseItem.swift; sourceTree = "<group>"; };
		8074D34E2457382C006B3062 /* MyAllAPIResponse.swift */ = {isa = PBXFileReference; lastKnownFileType = sourcecode.swift; path = MyAllAPIResponse.swift; sourceTree = "<group>"; };
		8074D35024573CFA006B3062 /* NBTextField.swift */ = {isa = PBXFileReference; lastKnownFileType = sourcecode.swift; path = NBTextField.swift; sourceTree = "<group>"; };
		8074D35224573E98006B3062 /* BikeServicesDataManager.swift */ = {isa = PBXFileReference; lastKnownFileType = sourcecode.swift; path = BikeServicesDataManager.swift; sourceTree = "<group>"; };
		8074D35524573F8D006B3062 /* NextBikeBikeServicesDataManager.swift */ = {isa = PBXFileReference; lastKnownFileType = sourcecode.swift; path = NextBikeBikeServicesDataManager.swift; sourceTree = "<group>"; };
		807C88A223EAD62B003BA644 /* es */ = {isa = PBXFileReference; lastKnownFileType = text.plist.strings; name = es; path = es.lproj/LaunchScreen.strings; sourceTree = "<group>"; };
		807C88A423EAD638003BA644 /* en */ = {isa = PBXFileReference; lastKnownFileType = text.plist.strings; name = en; path = en.lproj/Home.strings; sourceTree = "<group>"; };
		807C88A623EAD63C003BA644 /* es */ = {isa = PBXFileReference; lastKnownFileType = text.plist.strings; name = es; path = es.lproj/Home.strings; sourceTree = "<group>"; };
		807C88AF23EB17CA003BA644 /* CityBikes.swift */ = {isa = PBXFileReference; lastKnownFileType = sourcecode.swift; path = CityBikes.swift; sourceTree = "<group>"; };
		807C88B223EB17EC003BA644 /* NextBike.swift */ = {isa = PBXFileReference; lastKnownFileType = sourcecode.swift; path = NextBike.swift; sourceTree = "<group>"; };
		8085CC59236E2CB500B45A7C /* Neural Bikes.app */ = {isa = PBXFileReference; explicitFileType = wrapper.application; includeInIndex = 0; path = "Neural Bikes.app"; sourceTree = BUILT_PRODUCTS_DIR; };
		8085CC5C236E2CB500B45A7C /* AppDelegate.swift */ = {isa = PBXFileReference; lastKnownFileType = sourcecode.swift; path = AppDelegate.swift; sourceTree = "<group>"; };
		8085CC65236E2CB800B45A7C /* Assets.xcassets */ = {isa = PBXFileReference; lastKnownFileType = folder.assetcatalog; path = Assets.xcassets; sourceTree = "<group>"; };
		8085CC68236E2CB800B45A7C /* Base */ = {isa = PBXFileReference; lastKnownFileType = file.storyboard; name = Base; path = Base.lproj/LaunchScreen.storyboard; sourceTree = "<group>"; };
		8085CC6A236E2CB800B45A7C /* Info.plist */ = {isa = PBXFileReference; lastKnownFileType = text.plist.xml; path = Info.plist; sourceTree = "<group>"; };
		809953F42416C76F00B44DC9 /* InsightsViewController.swift */ = {isa = PBXFileReference; lastKnownFileType = sourcecode.swift; path = InsightsViewController.swift; sourceTree = "<group>"; };
		809953F62416C77700B44DC9 /* InsightsViewModel.swift */ = {isa = PBXFileReference; lastKnownFileType = sourcecode.swift; path = InsightsViewModel.swift; sourceTree = "<group>"; };
		8099540924181C5B00B44DC9 /* TimeInterval.swift */ = {isa = PBXFileReference; lastKnownFileType = sourcecode.swift; path = TimeInterval.swift; sourceTree = "<group>"; };
		8099541224193E2200B44DC9 /* RoutePlannerTableViewCell.swift */ = {isa = PBXFileReference; lastKnownFileType = sourcecode.swift; path = RoutePlannerTableViewCell.swift; sourceTree = "<group>"; };
		8099541524193F5600B44DC9 /* en */ = {isa = PBXFileReference; lastKnownFileType = text.plist.strings; name = en; path = en.lproj/RoutePlanner.strings; sourceTree = "<group>"; };
		809954172419400A00B44DC9 /* es */ = {isa = PBXFileReference; lastKnownFileType = text.plist.strings; name = es; path = es.lproj/RoutePlanner.strings; sourceTree = "<group>"; };
		80A8216723D9AD74003DD67D /* UIUserInterfaceIdiom.swift */ = {isa = PBXFileReference; lastKnownFileType = sourcecode.swift; path = UIUserInterfaceIdiom.swift; sourceTree = "<group>"; };
		80A8216923D9B7E4003DD67D /* Cities.swift */ = {isa = PBXFileReference; lastKnownFileType = sourcecode.swift; path = Cities.swift; sourceTree = "<group>"; };
		80ABE1EF243E148E004920D8 /* UIAlertController.swift */ = {isa = PBXFileReference; lastKnownFileType = sourcecode.swift; path = UIAlertController.swift; sourceTree = "<group>"; };
		80B1D015241A95F20072D1D9 /* UIView.swift */ = {isa = PBXFileReference; lastKnownFileType = sourcecode.swift; path = UIView.swift; sourceTree = "<group>"; };
		80B1D017241AB3140072D1D9 /* RoutePlannerError.swift */ = {isa = PBXFileReference; lastKnownFileType = sourcecode.swift; path = RoutePlannerError.swift; sourceTree = "<group>"; };
		80D288BC241BC52E004EE583 /* UIStackView.swift */ = {isa = PBXFileReference; lastKnownFileType = sourcecode.swift; path = UIStackView.swift; sourceTree = "<group>"; };
		80D288BE241D5150004EE583 /* Binding.swift */ = {isa = PBXFileReference; lastKnownFileType = sourcecode.swift; path = Binding.swift; sourceTree = "<group>"; };
		80D288C0241D5200004EE583 /* UITestingHelper.swift */ = {isa = PBXFileReference; lastKnownFileType = sourcecode.swift; path = UITestingHelper.swift; sourceTree = "<group>"; };
		80D288C2241E3063004EE583 /* RoutePlannerStationModel.swift */ = {isa = PBXFileReference; lastKnownFileType = sourcecode.swift; path = RoutePlannerStationModel.swift; sourceTree = "<group>"; };
		80E7D8A82456033E00D49894 /* NBButton.swift */ = {isa = PBXFileReference; lastKnownFileType = sourcecode.swift; path = NBButton.swift; sourceTree = "<group>"; };
		80FFDE3124683D4A00436BA6 /* NBStackView.swift */ = {isa = PBXFileReference; lastKnownFileType = sourcecode.swift; path = NBStackView.swift; sourceTree = "<group>"; };
		80FFDE332468407500436BA6 /* NBLabel.swift */ = {isa = PBXFileReference; lastKnownFileType = sourcecode.swift; path = NBLabel.swift; sourceTree = "<group>"; };
		80FFDE352468614000436BA6 /* UIApplication.swift */ = {isa = PBXFileReference; lastKnownFileType = sourcecode.swift; path = UIApplication.swift; sourceTree = "<group>"; };
		80FFDE3724689C4600436BA6 /* SettingsErrors.swift */ = {isa = PBXFileReference; lastKnownFileType = sourcecode.swift; name = SettingsErrors.swift; path = NeuralBikes/Settings/SettingsErrors.swift; sourceTree = SOURCE_ROOT; };
		80FFDE3924689C5C00436BA6 /* SettingsViewControler.swift */ = {isa = PBXFileReference; fileEncoding = 4; lastKnownFileType = sourcecode.swift; name = SettingsViewControler.swift; path = NeuralBikes/Settings/SettingsViewControler.swift; sourceTree = SOURCE_ROOT; };
		80FFDE3B24689C5C00436BA6 /* SettingsViewModel.swift */ = {isa = PBXFileReference; fileEncoding = 4; lastKnownFileType = sourcecode.swift; name = SettingsViewModel.swift; path = NeuralBikes/Settings/SettingsViewModel.swift; sourceTree = SOURCE_ROOT; };
		80FFDE4424689DEF00436BA6 /* en */ = {isa = PBXFileReference; lastKnownFileType = text.plist.strings; name = en; path = en.lproj/Settings.strings; sourceTree = "<group>"; };
		80FFDE4624689DF700436BA6 /* es */ = {isa = PBXFileReference; lastKnownFileType = text.plist.strings; name = es; path = es.lproj/Settings.strings; sourceTree = "<group>"; };
		94E354842F9EEF2FBAB3BE39 /* Pods-NeuralBikes.debug.xcconfig */ = {isa = PBXFileReference; includeInIndex = 1; lastKnownFileType = text.xcconfig; name = "Pods-NeuralBikes.debug.xcconfig"; path = "Target Support Files/Pods-NeuralBikes/Pods-NeuralBikes.debug.xcconfig"; sourceTree = "<group>"; };
		B3A858CABDDF9CD4FA0A1738 /* Pods-Bicis.debug.xcconfig */ = {isa = PBXFileReference; includeInIndex = 1; lastKnownFileType = text.xcconfig; name = "Pods-Bicis.debug.xcconfig"; path = "Target Support Files/Pods-Bicis/Pods-Bicis.debug.xcconfig"; sourceTree = "<group>"; };
		E59531B5EA24EAA280BE3600 /* Pods_Bicis.framework */ = {isa = PBXFileReference; explicitFileType = wrapper.framework; includeInIndex = 0; path = Pods_Bicis.framework; sourceTree = BUILT_PRODUCTS_DIR; };
		E90227762C796EA6CA64D3D1 /* Pods-Bicis-BicisUITests.release.xcconfig */ = {isa = PBXFileReference; includeInIndex = 1; lastKnownFileType = text.xcconfig; name = "Pods-Bicis-BicisUITests.release.xcconfig"; path = "Target Support Files/Pods-Bicis-BicisUITests/Pods-Bicis-BicisUITests.release.xcconfig"; sourceTree = "<group>"; };
		EE8AA86F27CEBFA39CFC3D59 /* Pods-NeuralBikes.release.xcconfig */ = {isa = PBXFileReference; includeInIndex = 1; lastKnownFileType = text.xcconfig; name = "Pods-NeuralBikes.release.xcconfig"; path = "Target Support Files/Pods-NeuralBikes/Pods-NeuralBikes.release.xcconfig"; sourceTree = "<group>"; };
		FA3FA1F29E5FC8E1A3C8FA21 /* Pods-NeuralBikes-NeuralBikesUITests.release.xcconfig */ = {isa = PBXFileReference; includeInIndex = 1; lastKnownFileType = text.xcconfig; name = "Pods-NeuralBikes-NeuralBikesUITests.release.xcconfig"; path = "Target Support Files/Pods-NeuralBikes-NeuralBikesUITests/Pods-NeuralBikes-NeuralBikesUITests.release.xcconfig"; sourceTree = "<group>"; };
/* End PBXFileReference section */

/* Begin PBXFrameworksBuildPhase section */
		8000291B243FB92F00862C75 /* Frameworks */ = {
			isa = PBXFrameworksBuildPhase;
			buildActionMask = 2147483647;
			files = (
			);
			runOnlyForDeploymentPostprocessing = 0;
		};
		8000476923EF425300492DFB /* Frameworks */ = {
			isa = PBXFrameworksBuildPhase;
			buildActionMask = 2147483647;
			files = (
				77A458860DEDDFAAAFEDB0E9 /* Pods_NeuralBikes_NeuralBikesUITests.framework in Frameworks */,
			);
			runOnlyForDeploymentPostprocessing = 0;
		};
		8085CC56236E2CB500B45A7C /* Frameworks */ = {
			isa = PBXFrameworksBuildPhase;
			buildActionMask = 2147483647;
			files = (
				80167168240F08F400957EA9 /* StoreKit.framework in Frameworks */,
				4B8EC7877D37E981561FFBC8 /* Pods_NeuralBikes.framework in Frameworks */,
			);
			runOnlyForDeploymentPostprocessing = 0;
		};
/* End PBXFrameworksBuildPhase section */

/* Begin PBXGroup section */
		5949BD66B4AC3B1C21CA4D42 /* Frameworks */ = {
			isa = PBXGroup;
			children = (
				80167167240F08F400957EA9 /* StoreKit.framework */,
				E59531B5EA24EAA280BE3600 /* Pods_Bicis.framework */,
				1472B5D618BCE2E94598894E /* Pods_BicisTests.framework */,
				6220DF872C197086F71CB20C /* Pods_NeuralBikes.framework */,
				5BBDE4491502D8F02B574545 /* Pods_NeuralBikes_NeuralBikesUITests.framework */,
			);
			name = Frameworks;
			sourceTree = "<group>";
		};
		8000291F243FB92F00862C75 /* NeuralBikesTests */ = {
			isa = PBXGroup;
			children = (
				80002920243FB92F00862C75 /* NeuralBikesTests.swift */,
				80002922243FB92F00862C75 /* Info.plist */,
			);
			path = NeuralBikesTests;
			sourceTree = "<group>";
		};
		8000476D23EF425300492DFB /* NeuralBikesUITests */ = {
			isa = PBXGroup;
			children = (
				8000477623EF426000492DFB /* SnapshotHelper.swift */,
				8000476E23EF425300492DFB /* NeuralBikesUITests.swift */,
				8000477023EF425300492DFB /* Info.plist */,
			);
			path = NeuralBikesUITests;
			sourceTree = "<group>";
		};
		8002ED7D2397FCAB008ABB6B /* LocationServices */ = {
			isa = PBXGroup;
			children = (
				8002ED7B2397FC5E008ABB6B /* LocationServices.swift */,
			);
			path = LocationServices;
			sourceTree = "<group>";
		};
		800CE93E239554EF00674D1C /* Settings */ = {
			isa = PBXGroup;
			children = (
				80FFDE3924689C5C00436BA6 /* SettingsViewControler.swift */,
				80FFDE3B24689C5C00436BA6 /* SettingsViewModel.swift */,
				80FFDE3724689C4600436BA6 /* SettingsErrors.swift */,
				80FFDE4524689DEF00436BA6 /* Settings.strings */,
			);
			name = Settings;
			path = "ç+`´p++++++";
			sourceTree = "<group>";
		};
		800CE94623955CD500674D1C /* Local */ = {
			isa = PBXGroup;
			children = (
				80109134236E2DEC00D3C45E /* LocalDataManager.swift */,
				800CE94323955A7F00674D1C /* LocalDataManagerError.swift */,
				80628469236EE22F00717472 /* DefaultLocalDataManager.swift */,
				80D288C2241E3063004EE583 /* RoutePlannerStationModel.swift */,
			);
			path = Local;
			sourceTree = "<group>";
		};
		800DDD4D23ED512700FCE4E5 /* BiciMad */ = {
			isa = PBXGroup;
			children = (
				800DDD4B23ED510700FCE4E5 /* BiciMad.swift */,
			);
			path = BiciMad;
			sourceTree = "<group>";
		};
		80109133236E2D9B00D3C45E /* DataManager */ = {
			isa = PBXGroup;
			children = (
				800CE94623955CD500674D1C /* Local */,
				80109136236E2DFA00D3C45E /* DataManager.swift */,
				807C88AE23EB1711003BA644 /* Remote */,
				80628462236ED79300717472 /* Result.swift */,
				8074D35424573F32006B3062 /* Bike Services */,
			);
			path = DataManager;
			sourceTree = "<group>";
		};
		8010913F236E316000D3C45E /* Home */ = {
			isa = PBXGroup;
			children = (
				80109140236E316E00D3C45E /* HomeViewController.swift */,
				80109142236E317700D3C45E /* HomeViewModel.swift */,
				801ECE3A236F3B7D003CFAF7 /* MapPin.swift */,
				801ECE3C236F3B90003CFAF7 /* CustomAnnotationView.swift */,
				803FD8A023C71FAF008DDE91 /* GraphView.swift */,
				807C88A523EAD638003BA644 /* Home.strings */,
			);
			path = Home;
			sourceTree = "<group>";
		};
		801ECE40236F3BC3003CFAF7 /* Extensions */ = {
			isa = PBXGroup;
			children = (
				801ECE41236F3BD1003CFAF7 /* UIColor.swift */,
				801ECE45236F3C10003CFAF7 /* String.swift */,
				805B5A2223EE050C000F3CC5 /* Bundle.swift */,
				8099540924181C5B00B44DC9 /* TimeInterval.swift */,
				80B1D015241A95F20072D1D9 /* UIView.swift */,
				80D288BC241BC52E004EE583 /* UIStackView.swift */,
				803B6D09243A88010080E115 /* Double.swift */,
				80ABE1EF243E148E004920D8 /* UIAlertController.swift */,
				80FFDE352468614000436BA6 /* UIApplication.swift */,
			);
			path = Extensions;
			sourceTree = "<group>";
		};
		80299FDC243B86040094EDB2 /* Store Kit */ = {
			isa = PBXGroup;
			children = (
				8000477A23F06C1100492DFB /* StoreKitHelper.swift */,
				80299FDA243B80BC0094EDB2 /* IAPHelper.swift */,
				80299FDD243B860F0094EDB2 /* StoreKitProducts.swift */,
			);
			path = "Store Kit";
			sourceTree = "<group>";
		};
		80299FDF243B94B20094EDB2 /* Confetti */ = {
			isa = PBXGroup;
			children = (
				80299FE0243B94C40094EDB2 /* ConfettiKit.swift */,
			);
			path = Confetti;
			sourceTree = "<group>";
		};
		803B6AFE246AF3CD0022A586 /* Log In */ = {
			isa = PBXGroup;
			children = (
				803B6AFF246AF3DD0022A586 /* LogInViewModel.swift */,
				803B6B01246AF3E60022A586 /* LogInViewController.swift */,
			);
			path = "Log In";
			sourceTree = "<group>";
		};
		805B5A2423EE0A95000F3CC5 /* Resources */ = {
			isa = PBXGroup;
			children = (
				8085CC65236E2CB800B45A7C /* Assets.xcassets */,
			);
			path = Resources;
			sourceTree = "<group>";
		};
		8062845F236E34B900717472 /* Coordinator */ = {
			isa = PBXGroup;
			children = (
				80628460236E34C500717472 /* Coordinator.swift */,
			);
			path = Coordinator;
			sourceTree = "<group>";
		};
		80628466236EDA3600717472 /* Model */ = {
			isa = PBXGroup;
			children = (
				8074D332245736C4006B3062 /* Key.swift */,
				8074D334245736E6006B3062 /* UserCredentials.swift */,
				8074D33624573704006B3062 /* User.swift */,
				8074D33824573712006B3062 /* LogInResponse.swift */,
				8074D33A24573720006B3062 /* LogInResponseError.swift */,
				8074D33C2457372B006B3062 /* BaseResponse.swift */,
				8074D33E24573748006B3062 /* Rent.swift */,
				8074D3402457375E006B3062 /* RentResponse.swift */,
				8074D3422457376D006B3062 /* UserR.swift */,
				8074D3442457377B006B3062 /* BikeList.swift */,
				8074D346245737BE006B3062 /* GetActiveRentalsResponse.swift */,
				8074D348245737F7006B3062 /* RentalCollection.swift */,
				8074D34A24573806006B3062 /* MyAPIResponse.swift */,
				8074D34C24573816006B3062 /* MyAllAPIResponseItem.swift */,
				8074D34E2457382C006B3062 /* MyAllAPIResponse.swift */,
			);
			path = Model;
			sourceTree = "<group>";
		};
		8074D35424573F32006B3062 /* Bike Services */ = {
			isa = PBXGroup;
			children = (
				8074D35224573E98006B3062 /* BikeServicesDataManager.swift */,
				8074D35524573F8D006B3062 /* NextBikeBikeServicesDataManager.swift */,
				803B6AF62469C3180022A586 /* LogInFormData.swift */,
			);
			path = "Bike Services";
			sourceTree = "<group>";
		};
		807C88AE23EB1711003BA644 /* Remote */ = {
			isa = PBXGroup;
			children = (
				807C88B423EB1802003BA644 /* NextBike */,
				80109138236E2F9700D3C45E /* RemoteDataManager.swift */,
				80628464236ED87900717472 /* DefaultRemoteDataManager.swift */,
				807C88B123EB17D1003BA644 /* CityBikes */,
				800DDD4D23ED512700FCE4E5 /* BiciMad */,
			);
			path = Remote;
			sourceTree = "<group>";
		};
		807C88B123EB17D1003BA644 /* CityBikes */ = {
			isa = PBXGroup;
			children = (
				807C88AF23EB17CA003BA644 /* CityBikes.swift */,
			);
			path = CityBikes;
			sourceTree = "<group>";
		};
		807C88B423EB1802003BA644 /* NextBike */ = {
			isa = PBXGroup;
			children = (
				807C88B223EB17EC003BA644 /* NextBike.swift */,
			);
			path = NextBike;
			sourceTree = "<group>";
		};
		8085CC50236E2CB500B45A7C = {
			isa = PBXGroup;
			children = (
				8085CC5B236E2CB500B45A7C /* NeuralBikes */,
				8000476D23EF425300492DFB /* NeuralBikesUITests */,
				8000291F243FB92F00862C75 /* NeuralBikesTests */,
				8085CC5A236E2CB500B45A7C /* Products */,
				A46C4047EA8A6CBF9DA58A66 /* Pods */,
				5949BD66B4AC3B1C21CA4D42 /* Frameworks */,
			);
			sourceTree = "<group>";
		};
		8085CC5A236E2CB500B45A7C /* Products */ = {
			isa = PBXGroup;
			children = (
				8085CC59236E2CB500B45A7C /* Neural Bikes.app */,
				8000476C23EF425300492DFB /* NeuralBikesUITests.xctest */,
				8000291E243FB92F00862C75 /* NeuralBikesTests.xctest */,
			);
			name = Products;
			sourceTree = "<group>";
		};
		8085CC5B236E2CB500B45A7C /* NeuralBikes */ = {
			isa = PBXGroup;
			children = (
				803B6AFE246AF3CD0022A586 /* Log In */,
				80E7D8A7245602EB00D49894 /* Protocols */,
				80299FDF243B94B20094EDB2 /* Confetti */,
				80D288C7241E4952004EE583 /* RestorePurchases */,
				809953F32416C50100B44DC9 /* Route Planner */,
				800CE94523955BD400674D1C /* NeuralBikes.entitlements */,
				801ECE40236F3BC3003CFAF7 /* Extensions */,
				80628466236EDA3600717472 /* Model */,
				8062845F236E34B900717472 /* Coordinator */,
				8010913F236E316000D3C45E /* Home */,
				80109133236E2D9B00D3C45E /* DataManager */,
				8085CC5C236E2CB500B45A7C /* AppDelegate.swift */,
				80109144236E320300D3C45E /* AppCoordinator.swift */,
				8085CC6A236E2CB800B45A7C /* Info.plist */,
				805B5A2423EE0A95000F3CC5 /* Resources */,
				8085CC67236E2CB800B45A7C /* LaunchScreen.storyboard */,
				800CE93E239554EF00674D1C /* Settings */,
				800CE941239559F700674D1C /* Constants.swift */,
				8002ED7D2397FCAB008ABB6B /* LocationServices */,
				80A8216723D9AD74003DD67D /* UIUserInterfaceIdiom.swift */,
				80A8216923D9B7E4003DD67D /* Cities.swift */,
				80299FDC243B86040094EDB2 /* Store Kit */,
				80D288BE241D5150004EE583 /* Binding.swift */,
				80299FE8243C6E220094EDB2 /* FeedBackGenerator.swift */,
				80D288C0241D5200004EE583 /* UITestingHelper.swift */,
				8018E1562451889400CE7796 /* LogHelper.swift */,
			);
			path = NeuralBikes;
			sourceTree = "<group>";
		};
		809953F32416C50100B44DC9 /* Route Planner */ = {
			isa = PBXGroup;
			children = (
				809953F42416C76F00B44DC9 /* InsightsViewController.swift */,
				809953F62416C77700B44DC9 /* InsightsViewModel.swift */,
				8099541624193F5600B44DC9 /* RoutePlanner.strings */,
				8099541224193E2200B44DC9 /* RoutePlannerTableViewCell.swift */,
				80B1D017241AB3140072D1D9 /* RoutePlannerError.swift */,
			);
			path = "Route Planner";
			sourceTree = "<group>";
		};
		80D288C7241E4952004EE583 /* RestorePurchases */ = {
			isa = PBXGroup;
			children = (
				80395204241E85A400E15B87 /* RestorePurchasesViewController.swift */,
				80395206241E85B600E15B87 /* RestorePurchasesViewModel.swift */,
				80299FE6243B9A5E0094EDB2 /* RestorePurchases.strings */,
			);
			path = RestorePurchases;
			sourceTree = "<group>";
		};
		80E7D8A7245602EB00D49894 /* Protocols */ = {
			isa = PBXGroup;
			children = (
				80E7D8A82456033E00D49894 /* NBButton.swift */,
				8074D35024573CFA006B3062 /* NBTextField.swift */,
				80FFDE3124683D4A00436BA6 /* NBStackView.swift */,
				80FFDE332468407500436BA6 /* NBLabel.swift */,
			);
			path = Protocols;
			sourceTree = "<group>";
		};
		A46C4047EA8A6CBF9DA58A66 /* Pods */ = {
			isa = PBXGroup;
			children = (
				B3A858CABDDF9CD4FA0A1738 /* Pods-Bicis.debug.xcconfig */,
				79D733FBA41973B1311630B3 /* Pods-Bicis.release.xcconfig */,
				644E8E3F87CF67AFCCA7E9B0 /* Pods-Bicis-BicisUITests.debug.xcconfig */,
				E90227762C796EA6CA64D3D1 /* Pods-Bicis-BicisUITests.release.xcconfig */,
				94E354842F9EEF2FBAB3BE39 /* Pods-NeuralBikes.debug.xcconfig */,
				EE8AA86F27CEBFA39CFC3D59 /* Pods-NeuralBikes.release.xcconfig */,
				46D06B14A5467C8188C20B1C /* Pods-NeuralBikes-NeuralBikesUITests.debug.xcconfig */,
				FA3FA1F29E5FC8E1A3C8FA21 /* Pods-NeuralBikes-NeuralBikesUITests.release.xcconfig */,
			);
			path = Pods;
			sourceTree = "<group>";
		};
/* End PBXGroup section */

/* Begin PBXNativeTarget section */
		8000291D243FB92F00862C75 /* NeuralBikesTests */ = {
			isa = PBXNativeTarget;
			buildConfigurationList = 80002925243FB92F00862C75 /* Build configuration list for PBXNativeTarget "NeuralBikesTests" */;
			buildPhases = (
				8000291A243FB92F00862C75 /* Sources */,
				8000291B243FB92F00862C75 /* Frameworks */,
				8000291C243FB92F00862C75 /* Resources */,
			);
			buildRules = (
			);
			dependencies = (
				80002924243FB92F00862C75 /* PBXTargetDependency */,
			);
			name = NeuralBikesTests;
			productName = BicisTests;
			productReference = 8000291E243FB92F00862C75 /* NeuralBikesTests.xctest */;
			productType = "com.apple.product-type.bundle.unit-test";
		};
		8000476B23EF425300492DFB /* NeuralBikesUITests */ = {
			isa = PBXNativeTarget;
			buildConfigurationList = 8000477323EF425300492DFB /* Build configuration list for PBXNativeTarget "NeuralBikesUITests" */;
			buildPhases = (
				DCCAA81D9D3F36242B0C82D6 /* [CP] Check Pods Manifest.lock */,
				8000476823EF425300492DFB /* Sources */,
				8000476923EF425300492DFB /* Frameworks */,
				8000476A23EF425300492DFB /* Resources */,
				4546E4020216D1F27A9367FE /* [CP] Embed Pods Frameworks */,
			);
			buildRules = (
			);
			dependencies = (
				8000477223EF425300492DFB /* PBXTargetDependency */,
			);
			name = NeuralBikesUITests;
			productName = BicisUITests;
			productReference = 8000476C23EF425300492DFB /* NeuralBikesUITests.xctest */;
			productType = "com.apple.product-type.bundle.ui-testing";
		};
		8085CC58236E2CB500B45A7C /* NeuralBikes */ = {
			isa = PBXNativeTarget;
			buildConfigurationList = 8085CC83236E2CB800B45A7C /* Build configuration list for PBXNativeTarget "NeuralBikes" */;
			buildPhases = (
				CEADEC9560DB1ADAA18663BF /* [CP] Check Pods Manifest.lock */,
				8085CC55236E2CB500B45A7C /* Sources */,
				8085CC56236E2CB500B45A7C /* Frameworks */,
				8085CC57236E2CB500B45A7C /* Resources */,
				06294201CE501E64004456DE /* [CP] Embed Pods Frameworks */,
				807C88AD23EADCA2003BA644 /* ShellScript */,
			);
			buildRules = (
			);
			dependencies = (
			);
			name = NeuralBikes;
			productName = Bicis;
			productReference = 8085CC59236E2CB500B45A7C /* Neural Bikes.app */;
			productType = "com.apple.product-type.application";
		};
/* End PBXNativeTarget section */

/* Begin PBXProject section */
		8085CC51236E2CB500B45A7C /* Project object */ = {
			isa = PBXProject;
			attributes = {
				LastSwiftUpdateCheck = 1140;
				LastUpgradeCheck = 1100;
				ORGANIZATIONNAME = "Javier de Martín Gil";
				TargetAttributes = {
					8000291D243FB92F00862C75 = {
						CreatedOnToolsVersion = 11.4;
						TestTargetID = 8085CC58236E2CB500B45A7C;
					};
					8000476B23EF425300492DFB = {
						CreatedOnToolsVersion = 11.3.1;
						TestTargetID = 8085CC58236E2CB500B45A7C;
					};
					8085CC58236E2CB500B45A7C = {
						CreatedOnToolsVersion = 11.0;
					};
				};
			};
			buildConfigurationList = 8085CC54236E2CB500B45A7C /* Build configuration list for PBXProject "NeuralBikes" */;
			compatibilityVersion = "Xcode 9.3";
			developmentRegion = en;
			hasScannedForEncodings = 0;
			knownRegions = (
				en,
				Base,
				es,
			);
			mainGroup = 8085CC50236E2CB500B45A7C;
			productRefGroup = 8085CC5A236E2CB500B45A7C /* Products */;
			projectDirPath = "";
			projectRoot = "";
			targets = (
				8085CC58236E2CB500B45A7C /* NeuralBikes */,
				8000476B23EF425300492DFB /* NeuralBikesUITests */,
				8000291D243FB92F00862C75 /* NeuralBikesTests */,
			);
		};
/* End PBXProject section */

/* Begin PBXResourcesBuildPhase section */
		8000291C243FB92F00862C75 /* Resources */ = {
			isa = PBXResourcesBuildPhase;
			buildActionMask = 2147483647;
			files = (
			);
			runOnlyForDeploymentPostprocessing = 0;
		};
		8000476A23EF425300492DFB /* Resources */ = {
			isa = PBXResourcesBuildPhase;
			buildActionMask = 2147483647;
			files = (
			);
			runOnlyForDeploymentPostprocessing = 0;
		};
		8085CC57236E2CB500B45A7C /* Resources */ = {
			isa = PBXResourcesBuildPhase;
			buildActionMask = 2147483647;
			files = (
				80FFDE4324689DEF00436BA6 /* Settings.strings in Resources */,
				8085CC69236E2CB800B45A7C /* LaunchScreen.storyboard in Resources */,
				8085CC66236E2CB800B45A7C /* Assets.xcassets in Resources */,
				8099541424193F5600B44DC9 /* RoutePlanner.strings in Resources */,
				807C88A323EAD638003BA644 /* Home.strings in Resources */,
				80299FE4243B9A5E0094EDB2 /* RestorePurchases.strings in Resources */,
			);
			runOnlyForDeploymentPostprocessing = 0;
		};
/* End PBXResourcesBuildPhase section */

/* Begin PBXShellScriptBuildPhase section */
		06294201CE501E64004456DE /* [CP] Embed Pods Frameworks */ = {
			isa = PBXShellScriptBuildPhase;
			buildActionMask = 2147483647;
			files = (
			);
			inputFileListPaths = (
				"${PODS_ROOT}/Target Support Files/Pods-NeuralBikes/Pods-NeuralBikes-frameworks-${CONFIGURATION}-input-files.xcfilelist",
			);
			name = "[CP] Embed Pods Frameworks";
			outputFileListPaths = (
				"${PODS_ROOT}/Target Support Files/Pods-NeuralBikes/Pods-NeuralBikes-frameworks-${CONFIGURATION}-output-files.xcfilelist",
			);
			runOnlyForDeploymentPostprocessing = 0;
			shellPath = /bin/sh;
			shellScript = "\"${PODS_ROOT}/Target Support Files/Pods-NeuralBikes/Pods-NeuralBikes-frameworks.sh\"\n";
			showEnvVarsInLog = 0;
		};
		4546E4020216D1F27A9367FE /* [CP] Embed Pods Frameworks */ = {
			isa = PBXShellScriptBuildPhase;
			buildActionMask = 2147483647;
			files = (
			);
			inputFileListPaths = (
				"${PODS_ROOT}/Target Support Files/Pods-NeuralBikes-NeuralBikesUITests/Pods-NeuralBikes-NeuralBikesUITests-frameworks-${CONFIGURATION}-input-files.xcfilelist",
			);
			name = "[CP] Embed Pods Frameworks";
			outputFileListPaths = (
				"${PODS_ROOT}/Target Support Files/Pods-NeuralBikes-NeuralBikesUITests/Pods-NeuralBikes-NeuralBikesUITests-frameworks-${CONFIGURATION}-output-files.xcfilelist",
			);
			runOnlyForDeploymentPostprocessing = 0;
			shellPath = /bin/sh;
			shellScript = "\"${PODS_ROOT}/Target Support Files/Pods-NeuralBikes-NeuralBikesUITests/Pods-NeuralBikes-NeuralBikesUITests-frameworks.sh\"\n";
			showEnvVarsInLog = 0;
		};
		807C88AD23EADCA2003BA644 /* ShellScript */ = {
			isa = PBXShellScriptBuildPhase;
			buildActionMask = 2147483647;
			files = (
			);
			inputFileListPaths = (
			);
			inputPaths = (
			);
			outputFileListPaths = (
			);
			outputPaths = (
			);
			runOnlyForDeploymentPostprocessing = 0;
			shellPath = /bin/sh;
			shellScript = "# Type a script or drag a script file from your workspace to insert its path.\n\"${PODS_ROOT}/SwiftLint/swiftlint\"\n";
		};
		CEADEC9560DB1ADAA18663BF /* [CP] Check Pods Manifest.lock */ = {
			isa = PBXShellScriptBuildPhase;
			buildActionMask = 2147483647;
			files = (
			);
			inputFileListPaths = (
			);
			inputPaths = (
				"${PODS_PODFILE_DIR_PATH}/Podfile.lock",
				"${PODS_ROOT}/Manifest.lock",
			);
			name = "[CP] Check Pods Manifest.lock";
			outputFileListPaths = (
			);
			outputPaths = (
				"$(DERIVED_FILE_DIR)/Pods-NeuralBikes-checkManifestLockResult.txt",
			);
			runOnlyForDeploymentPostprocessing = 0;
			shellPath = /bin/sh;
			shellScript = "diff \"${PODS_PODFILE_DIR_PATH}/Podfile.lock\" \"${PODS_ROOT}/Manifest.lock\" > /dev/null\nif [ $? != 0 ] ; then\n    # print error to STDERR\n    echo \"error: The sandbox is not in sync with the Podfile.lock. Run 'pod install' or update your CocoaPods installation.\" >&2\n    exit 1\nfi\n# This output is used by Xcode 'outputs' to avoid re-running this script phase.\necho \"SUCCESS\" > \"${SCRIPT_OUTPUT_FILE_0}\"\n";
			showEnvVarsInLog = 0;
		};
		DCCAA81D9D3F36242B0C82D6 /* [CP] Check Pods Manifest.lock */ = {
			isa = PBXShellScriptBuildPhase;
			buildActionMask = 2147483647;
			files = (
			);
			inputFileListPaths = (
			);
			inputPaths = (
				"${PODS_PODFILE_DIR_PATH}/Podfile.lock",
				"${PODS_ROOT}/Manifest.lock",
			);
			name = "[CP] Check Pods Manifest.lock";
			outputFileListPaths = (
			);
			outputPaths = (
				"$(DERIVED_FILE_DIR)/Pods-NeuralBikes-NeuralBikesUITests-checkManifestLockResult.txt",
			);
			runOnlyForDeploymentPostprocessing = 0;
			shellPath = /bin/sh;
			shellScript = "diff \"${PODS_PODFILE_DIR_PATH}/Podfile.lock\" \"${PODS_ROOT}/Manifest.lock\" > /dev/null\nif [ $? != 0 ] ; then\n    # print error to STDERR\n    echo \"error: The sandbox is not in sync with the Podfile.lock. Run 'pod install' or update your CocoaPods installation.\" >&2\n    exit 1\nfi\n# This output is used by Xcode 'outputs' to avoid re-running this script phase.\necho \"SUCCESS\" > \"${SCRIPT_OUTPUT_FILE_0}\"\n";
			showEnvVarsInLog = 0;
		};
/* End PBXShellScriptBuildPhase section */

/* Begin PBXSourcesBuildPhase section */
		8000291A243FB92F00862C75 /* Sources */ = {
			isa = PBXSourcesBuildPhase;
			buildActionMask = 2147483647;
			files = (
				8028059E2442256E008138BA /* NextBike.swift in Sources */,
				8000292A243FBBB200862C75 /* Cities.swift in Sources */,
				8028059D24422550008138BA /* BiciMad.swift in Sources */,
				80280598244220AC008138BA /* DefaultRemoteDataManager.swift in Sources */,
				80280599244222E7008138BA /* Result.swift in Sources */,
				8028059F2442319C008138BA /* Constants.swift in Sources */,
				8028059B2442252F008138BA /* RemoteDataManager.swift in Sources */,
				8028059A244222ED008138BA /* CityBikes.swift in Sources */,
				80002921243FB92F00862C75 /* NeuralBikesTests.swift in Sources */,
			);
			runOnlyForDeploymentPostprocessing = 0;
		};
		8000476823EF425300492DFB /* Sources */ = {
			isa = PBXSourcesBuildPhase;
			buildActionMask = 2147483647;
			files = (
				80B1D019241ABCCC0072D1D9 /* String.swift in Sources */,
				8000476F23EF425300492DFB /* NeuralBikesUITests.swift in Sources */,
				8000477723EF426000492DFB /* SnapshotHelper.swift in Sources */,
			);
			runOnlyForDeploymentPostprocessing = 0;
		};
		8085CC55236E2CB500B45A7C /* Sources */ = {
			isa = PBXSourcesBuildPhase;
			buildActionMask = 2147483647;
			files = (
				8074D33924573712006B3062 /* LogInResponse.swift in Sources */,
				80109145236E320300D3C45E /* AppCoordinator.swift in Sources */,
				8099540A24181C5B00B44DC9 /* TimeInterval.swift in Sources */,
				80D288C1241D5200004EE583 /* UITestingHelper.swift in Sources */,
				803B6B00246AF3DD0022A586 /* LogInViewModel.swift in Sources */,
				80109137236E2DFA00D3C45E /* DataManager.swift in Sources */,
				8074D34F2457382C006B3062 /* MyAllAPIResponse.swift in Sources */,
				8074D347245737BE006B3062 /* GetActiveRentalsResponse.swift in Sources */,
				8018E1572451889400CE7796 /* LogHelper.swift in Sources */,
				803B6AF72469C3180022A586 /* LogInFormData.swift in Sources */,
				8074D35124573CFA006B3062 /* NBTextField.swift in Sources */,
				80FFDE362468614000436BA6 /* UIApplication.swift in Sources */,
				801ECE46236F3C10003CFAF7 /* String.swift in Sources */,
				80109135236E2DEC00D3C45E /* LocalDataManager.swift in Sources */,
				807C88B323EB17EC003BA644 /* NextBike.swift in Sources */,
				80299FDB243B80BC0094EDB2 /* IAPHelper.swift in Sources */,
				8074D35624573F8D006B3062 /* NextBikeBikeServicesDataManager.swift in Sources */,
				807C88B023EB17CA003BA644 /* CityBikes.swift in Sources */,
				80395205241E85A400E15B87 /* RestorePurchasesViewController.swift in Sources */,
				8074D349245737F7006B3062 /* RentalCollection.swift in Sources */,
				8074D3452457377B006B3062 /* BikeList.swift in Sources */,
				8074D33B24573720006B3062 /* LogInResponseError.swift in Sources */,
				80109143236E317700D3C45E /* HomeViewModel.swift in Sources */,
				80B1D018241AB3140072D1D9 /* RoutePlannerError.swift in Sources */,
				8074D34D24573816006B3062 /* MyAllAPIResponseItem.swift in Sources */,
				8074D35324573E98006B3062 /* BikeServicesDataManager.swift in Sources */,
				800CE94423955A7F00674D1C /* LocalDataManagerError.swift in Sources */,
				80ABE1F0243E148E004920D8 /* UIAlertController.swift in Sources */,
				80109139236E2F9700D3C45E /* RemoteDataManager.swift in Sources */,
				80B1D016241A95F20072D1D9 /* UIView.swift in Sources */,
				801ECE3D236F3B90003CFAF7 /* CustomAnnotationView.swift in Sources */,
				80D288BD241BC52E004EE583 /* UIStackView.swift in Sources */,
				8074D33D2457372B006B3062 /* BaseResponse.swift in Sources */,
				801ECE3B236F3B7D003CFAF7 /* MapPin.swift in Sources */,
				8074D34B24573806006B3062 /* MyAPIResponse.swift in Sources */,
				80E7D8A92456033E00D49894 /* NBButton.swift in Sources */,
				80D288C3241E3063004EE583 /* RoutePlannerStationModel.swift in Sources */,
				809953F72416C77700B44DC9 /* InsightsViewModel.swift in Sources */,
				80109141236E316E00D3C45E /* HomeViewController.swift in Sources */,
				80299FE1243B94C40094EDB2 /* ConfettiKit.swift in Sources */,
				80628465236ED87900717472 /* DefaultRemoteDataManager.swift in Sources */,
				803B6B02246AF3E60022A586 /* LogInViewController.swift in Sources */,
				80FFDE3F24689C5C00436BA6 /* SettingsViewModel.swift in Sources */,
				8074D333245736C4006B3062 /* Key.swift in Sources */,
				800DDD4C23ED510700FCE4E5 /* BiciMad.swift in Sources */,
				80FFDE3224683D4A00436BA6 /* NBStackView.swift in Sources */,
				80299FDE243B860F0094EDB2 /* StoreKitProducts.swift in Sources */,
				8074D3432457376D006B3062 /* UserR.swift in Sources */,
				8074D33724573704006B3062 /* User.swift in Sources */,
				805B5A2323EE050C000F3CC5 /* Bundle.swift in Sources */,
				80FFDE342468407500436BA6 /* NBLabel.swift in Sources */,
				8074D3412457375E006B3062 /* RentResponse.swift in Sources */,
				8062846A236EE22F00717472 /* DefaultLocalDataManager.swift in Sources */,
				80FFDE3824689C4600436BA6 /* SettingsErrors.swift in Sources */,
				801ECE42236F3BD1003CFAF7 /* UIColor.swift in Sources */,
				80A8216A23D9B7E4003DD67D /* Cities.swift in Sources */,
				8074D335245736E6006B3062 /* UserCredentials.swift in Sources */,
				80628461236E34C500717472 /* Coordinator.swift in Sources */,
				80A8216823D9AD74003DD67D /* UIUserInterfaceIdiom.swift in Sources */,
				8074D33F24573748006B3062 /* Rent.swift in Sources */,
				80299FE9243C6E220094EDB2 /* FeedBackGenerator.swift in Sources */,
				80FFDE3D24689C5C00436BA6 /* SettingsViewControler.swift in Sources */,
				80D288BF241D5150004EE583 /* Binding.swift in Sources */,
				803B6D0A243A88010080E115 /* Double.swift in Sources */,
				803FD8A123C71FAF008DDE91 /* GraphView.swift in Sources */,
				8085CC5D236E2CB500B45A7C /* AppDelegate.swift in Sources */,
				80395207241E85B600E15B87 /* RestorePurchasesViewModel.swift in Sources */,
				8099541324193E2200B44DC9 /* RoutePlannerTableViewCell.swift in Sources */,
				80628463236ED79300717472 /* Result.swift in Sources */,
				809953F52416C76F00B44DC9 /* InsightsViewController.swift in Sources */,
				8000477B23F06C1100492DFB /* StoreKitHelper.swift in Sources */,
				800CE942239559F700674D1C /* Constants.swift in Sources */,
				8002ED7C2397FC5E008ABB6B /* LocationServices.swift in Sources */,
			);
			runOnlyForDeploymentPostprocessing = 0;
		};
/* End PBXSourcesBuildPhase section */

/* Begin PBXTargetDependency section */
		80002924243FB92F00862C75 /* PBXTargetDependency */ = {
			isa = PBXTargetDependency;
			target = 8085CC58236E2CB500B45A7C /* NeuralBikes */;
			targetProxy = 80002923243FB92F00862C75 /* PBXContainerItemProxy */;
		};
		8000477223EF425300492DFB /* PBXTargetDependency */ = {
			isa = PBXTargetDependency;
			target = 8085CC58236E2CB500B45A7C /* NeuralBikes */;
			targetProxy = 8000477123EF425300492DFB /* PBXContainerItemProxy */;
		};
/* End PBXTargetDependency section */

/* Begin PBXVariantGroup section */
		80299FE6243B9A5E0094EDB2 /* RestorePurchases.strings */ = {
			isa = PBXVariantGroup;
			children = (
				80299FE5243B9A5E0094EDB2 /* en */,
				80299FE7243B9A600094EDB2 /* es */,
			);
			name = RestorePurchases.strings;
			sourceTree = "<group>";
		};
		807C88A523EAD638003BA644 /* Home.strings */ = {
			isa = PBXVariantGroup;
			children = (
				807C88A423EAD638003BA644 /* en */,
				807C88A623EAD63C003BA644 /* es */,
			);
			name = Home.strings;
			sourceTree = "<group>";
		};
		8085CC67236E2CB800B45A7C /* LaunchScreen.storyboard */ = {
			isa = PBXVariantGroup;
			children = (
				8085CC68236E2CB800B45A7C /* Base */,
				807C88A223EAD62B003BA644 /* es */,
			);
			name = LaunchScreen.storyboard;
			sourceTree = "<group>";
		};
		8099541624193F5600B44DC9 /* RoutePlanner.strings */ = {
			isa = PBXVariantGroup;
			children = (
				8099541524193F5600B44DC9 /* en */,
				809954172419400A00B44DC9 /* es */,
			);
			name = RoutePlanner.strings;
			sourceTree = "<group>";
		};
		80FFDE4524689DEF00436BA6 /* Settings.strings */ = {
			isa = PBXVariantGroup;
			children = (
				80FFDE4424689DEF00436BA6 /* en */,
				80FFDE4624689DF700436BA6 /* es */,
			);
			name = Settings.strings;
			path = NeuralBikes/Settings;
			sourceTree = SOURCE_ROOT;
		};
/* End PBXVariantGroup section */

/* Begin XCBuildConfiguration section */
		80002926243FB92F00862C75 /* Debug */ = {
			isa = XCBuildConfiguration;
			buildSettings = {
				BUNDLE_LOADER = "$(TEST_HOST)";
				CODE_SIGN_STYLE = Automatic;
				DEVELOPMENT_TEAM = Z3PCB8TM76;
				INFOPLIST_FILE = BicisTests/Info.plist;
				IPHONEOS_DEPLOYMENT_TARGET = 13.4;
				LD_RUNPATH_SEARCH_PATHS = (
					"$(inherited)",
					"@executable_path/Frameworks",
					"@loader_path/Frameworks",
				);
				PRODUCT_BUNDLE_IDENTIFIER = com.javierdemartin.BicisTests;
				PRODUCT_NAME = "$(TARGET_NAME)";
				SWIFT_VERSION = 5.0;
				TARGETED_DEVICE_FAMILY = "1,2";
				TEST_HOST = "$(BUILT_PRODUCTS_DIR)/Neural Bikes.app/Neural Bikes";
			};
			name = Debug;
		};
		80002927243FB92F00862C75 /* Release */ = {
			isa = XCBuildConfiguration;
			buildSettings = {
				BUNDLE_LOADER = "$(TEST_HOST)";
				CODE_SIGN_STYLE = Automatic;
				DEVELOPMENT_TEAM = Z3PCB8TM76;
				INFOPLIST_FILE = BicisTests/Info.plist;
				IPHONEOS_DEPLOYMENT_TARGET = 13.4;
				LD_RUNPATH_SEARCH_PATHS = (
					"$(inherited)",
					"@executable_path/Frameworks",
					"@loader_path/Frameworks",
				);
				PRODUCT_BUNDLE_IDENTIFIER = com.javierdemartin.BicisTests;
				PRODUCT_NAME = "$(TARGET_NAME)";
				SWIFT_VERSION = 5.0;
				TARGETED_DEVICE_FAMILY = "1,2";
				TEST_HOST = "$(BUILT_PRODUCTS_DIR)/Neural Bikes.app/Neural Bikes";
			};
			name = Release;
		};
		8000477423EF425300492DFB /* Debug */ = {
			isa = XCBuildConfiguration;
			baseConfigurationReference = 46D06B14A5467C8188C20B1C /* Pods-NeuralBikes-NeuralBikesUITests.debug.xcconfig */;
			buildSettings = {
				CODE_SIGN_STYLE = Automatic;
				DEVELOPMENT_TEAM = Z3PCB8TM76;
				INFOPLIST_FILE = NeuralBikesUITests/Info.plist;
				IPHONEOS_DEPLOYMENT_TARGET = 13.2;
				LD_RUNPATH_SEARCH_PATHS = (
					"$(inherited)",
					"@executable_path/Frameworks",
					"@loader_path/Frameworks",
				);
				PRODUCT_BUNDLE_IDENTIFIER = com.javierdemartin.NeuralBikesUITests;
				PRODUCT_NAME = "$(TARGET_NAME)";
				SWIFT_VERSION = 5.0;
				TARGETED_DEVICE_FAMILY = "1,2";
				TEST_TARGET_NAME = NeuralBikes;
			};
			name = Debug;
		};
		8000477523EF425300492DFB /* Release */ = {
			isa = XCBuildConfiguration;
			baseConfigurationReference = FA3FA1F29E5FC8E1A3C8FA21 /* Pods-NeuralBikes-NeuralBikesUITests.release.xcconfig */;
			buildSettings = {
				CODE_SIGN_STYLE = Automatic;
				DEVELOPMENT_TEAM = Z3PCB8TM76;
				INFOPLIST_FILE = NeuralBikesUITests/Info.plist;
				IPHONEOS_DEPLOYMENT_TARGET = 13.2;
				LD_RUNPATH_SEARCH_PATHS = (
					"$(inherited)",
					"@executable_path/Frameworks",
					"@loader_path/Frameworks",
				);
				PRODUCT_BUNDLE_IDENTIFIER = com.javierdemartin.NeuralBikesUITests;
				PRODUCT_NAME = "$(TARGET_NAME)";
				SWIFT_VERSION = 5.0;
				TARGETED_DEVICE_FAMILY = "1,2";
				TEST_TARGET_NAME = NeuralBikes;
			};
			name = Release;
		};
		8085CC81236E2CB800B45A7C /* Debug */ = {
			isa = XCBuildConfiguration;
			buildSettings = {
				ALWAYS_SEARCH_USER_PATHS = NO;
				CLANG_ANALYZER_LOCALIZABILITY_NONLOCALIZED = YES;
				CLANG_ANALYZER_NONNULL = YES;
				CLANG_ANALYZER_NUMBER_OBJECT_CONVERSION = YES_AGGRESSIVE;
				CLANG_CXX_LANGUAGE_STANDARD = "gnu++14";
				CLANG_CXX_LIBRARY = "libc++";
				CLANG_ENABLE_MODULES = YES;
				CLANG_ENABLE_OBJC_ARC = YES;
				CLANG_ENABLE_OBJC_WEAK = YES;
				CLANG_WARN_BLOCK_CAPTURE_AUTORELEASING = YES;
				CLANG_WARN_BOOL_CONVERSION = YES;
				CLANG_WARN_COMMA = YES;
				CLANG_WARN_CONSTANT_CONVERSION = YES;
				CLANG_WARN_DEPRECATED_OBJC_IMPLEMENTATIONS = YES;
				CLANG_WARN_DIRECT_OBJC_ISA_USAGE = YES_ERROR;
				CLANG_WARN_DOCUMENTATION_COMMENTS = YES;
				CLANG_WARN_EMPTY_BODY = YES;
				CLANG_WARN_ENUM_CONVERSION = YES;
				CLANG_WARN_INFINITE_RECURSION = YES;
				CLANG_WARN_INT_CONVERSION = YES;
				CLANG_WARN_NON_LITERAL_NULL_CONVERSION = YES;
				CLANG_WARN_OBJC_IMPLICIT_RETAIN_SELF = YES;
				CLANG_WARN_OBJC_LITERAL_CONVERSION = YES;
				CLANG_WARN_OBJC_ROOT_CLASS = YES_ERROR;
				CLANG_WARN_RANGE_LOOP_ANALYSIS = YES;
				CLANG_WARN_STRICT_PROTOTYPES = YES;
				CLANG_WARN_SUSPICIOUS_MOVE = YES;
				CLANG_WARN_UNGUARDED_AVAILABILITY = YES_AGGRESSIVE;
				CLANG_WARN_UNREACHABLE_CODE = YES;
				CLANG_WARN__DUPLICATE_METHOD_MATCH = YES;
				COPY_PHASE_STRIP = NO;
				DEBUG_INFORMATION_FORMAT = dwarf;
				ENABLE_STRICT_OBJC_MSGSEND = YES;
				ENABLE_TESTABILITY = YES;
				GCC_C_LANGUAGE_STANDARD = gnu11;
				GCC_DYNAMIC_NO_PIC = NO;
				GCC_NO_COMMON_BLOCKS = YES;
				GCC_OPTIMIZATION_LEVEL = 0;
				GCC_PREPROCESSOR_DEFINITIONS = (
					"DEBUG=1",
					"$(inherited)",
				);
				GCC_WARN_64_TO_32_BIT_CONVERSION = YES;
				GCC_WARN_ABOUT_RETURN_TYPE = YES_ERROR;
				GCC_WARN_UNDECLARED_SELECTOR = YES;
				GCC_WARN_UNINITIALIZED_AUTOS = YES_AGGRESSIVE;
				GCC_WARN_UNUSED_FUNCTION = YES;
				GCC_WARN_UNUSED_LABEL = YES;
				GCC_WARN_UNUSED_PARAMETER = YES;
				GCC_WARN_UNUSED_VARIABLE = YES;
				IPHONEOS_DEPLOYMENT_TARGET = 13.0;
				MTL_ENABLE_DEBUG_INFO = INCLUDE_SOURCE;
				MTL_FAST_MATH = YES;
				ONLY_ACTIVE_ARCH = YES;
				SDKROOT = iphoneos;
				SWIFT_ACTIVE_COMPILATION_CONDITIONS = DEBUG;
				SWIFT_OPTIMIZATION_LEVEL = "-Onone";
			};
			name = Debug;
		};
		8085CC82236E2CB800B45A7C /* Release */ = {
			isa = XCBuildConfiguration;
			buildSettings = {
				ALWAYS_SEARCH_USER_PATHS = NO;
				CLANG_ANALYZER_LOCALIZABILITY_NONLOCALIZED = YES;
				CLANG_ANALYZER_NONNULL = YES;
				CLANG_ANALYZER_NUMBER_OBJECT_CONVERSION = YES_AGGRESSIVE;
				CLANG_CXX_LANGUAGE_STANDARD = "gnu++14";
				CLANG_CXX_LIBRARY = "libc++";
				CLANG_ENABLE_MODULES = YES;
				CLANG_ENABLE_OBJC_ARC = YES;
				CLANG_ENABLE_OBJC_WEAK = YES;
				CLANG_WARN_BLOCK_CAPTURE_AUTORELEASING = YES;
				CLANG_WARN_BOOL_CONVERSION = YES;
				CLANG_WARN_COMMA = YES;
				CLANG_WARN_CONSTANT_CONVERSION = YES;
				CLANG_WARN_DEPRECATED_OBJC_IMPLEMENTATIONS = YES;
				CLANG_WARN_DIRECT_OBJC_ISA_USAGE = YES_ERROR;
				CLANG_WARN_DOCUMENTATION_COMMENTS = YES;
				CLANG_WARN_EMPTY_BODY = YES;
				CLANG_WARN_ENUM_CONVERSION = YES;
				CLANG_WARN_INFINITE_RECURSION = YES;
				CLANG_WARN_INT_CONVERSION = YES;
				CLANG_WARN_NON_LITERAL_NULL_CONVERSION = YES;
				CLANG_WARN_OBJC_IMPLICIT_RETAIN_SELF = YES;
				CLANG_WARN_OBJC_LITERAL_CONVERSION = YES;
				CLANG_WARN_OBJC_ROOT_CLASS = YES_ERROR;
				CLANG_WARN_RANGE_LOOP_ANALYSIS = YES;
				CLANG_WARN_STRICT_PROTOTYPES = YES;
				CLANG_WARN_SUSPICIOUS_MOVE = YES;
				CLANG_WARN_UNGUARDED_AVAILABILITY = YES_AGGRESSIVE;
				CLANG_WARN_UNREACHABLE_CODE = YES;
				CLANG_WARN__DUPLICATE_METHOD_MATCH = YES;
				COPY_PHASE_STRIP = NO;
				DEBUG_INFORMATION_FORMAT = "dwarf-with-dsym";
				ENABLE_NS_ASSERTIONS = NO;
				ENABLE_STRICT_OBJC_MSGSEND = YES;
				GCC_C_LANGUAGE_STANDARD = gnu11;
				GCC_NO_COMMON_BLOCKS = YES;
				GCC_WARN_64_TO_32_BIT_CONVERSION = YES;
				GCC_WARN_ABOUT_RETURN_TYPE = YES_ERROR;
				GCC_WARN_UNDECLARED_SELECTOR = YES;
				GCC_WARN_UNINITIALIZED_AUTOS = YES_AGGRESSIVE;
				GCC_WARN_UNUSED_FUNCTION = YES;
				GCC_WARN_UNUSED_LABEL = YES;
				GCC_WARN_UNUSED_PARAMETER = YES;
				GCC_WARN_UNUSED_VARIABLE = YES;
				IPHONEOS_DEPLOYMENT_TARGET = 13.0;
				MTL_ENABLE_DEBUG_INFO = NO;
				MTL_FAST_MATH = YES;
				SDKROOT = iphoneos;
				SWIFT_COMPILATION_MODE = wholemodule;
				SWIFT_OPTIMIZATION_LEVEL = "-O";
				VALIDATE_PRODUCT = YES;
			};
			name = Release;
		};
		8085CC84236E2CB800B45A7C /* Debug */ = {
			isa = XCBuildConfiguration;
			baseConfigurationReference = 94E354842F9EEF2FBAB3BE39 /* Pods-NeuralBikes.debug.xcconfig */;
			buildSettings = {
				ASSETCATALOG_COMPILER_APPICON_NAME = AppIcon;
				CODE_SIGN_ENTITLEMENTS = NeuralBikes/NeuralBikes.entitlements;
				CODE_SIGN_STYLE = Automatic;
				CURRENT_PROJECT_VERSION = 37;
				DEVELOPMENT_TEAM = Z3PCB8TM76;
				INFOPLIST_FILE = NeuralBikes/Info.plist;
				IPHONEOS_DEPLOYMENT_TARGET = 13.0;
				LD_RUNPATH_SEARCH_PATHS = (
					"$(inherited)",
					"@executable_path/Frameworks",
				);
				MARKETING_VERSION = 2020.5.1;
				PRODUCT_BUNDLE_IDENTIFIER = com.javierdemartin.bici;
				PRODUCT_NAME = "Neural Bikes";
				SUPPORTS_MACCATALYST = NO;
				SWIFT_VERSION = 5.0;
				TARGETED_DEVICE_FAMILY = "1,2";
			};
			name = Debug;
		};
		8085CC85236E2CB800B45A7C /* Release */ = {
			isa = XCBuildConfiguration;
			baseConfigurationReference = EE8AA86F27CEBFA39CFC3D59 /* Pods-NeuralBikes.release.xcconfig */;
			buildSettings = {
				ASSETCATALOG_COMPILER_APPICON_NAME = AppIcon;
				CODE_SIGN_ENTITLEMENTS = NeuralBikes/NeuralBikes.entitlements;
				CODE_SIGN_STYLE = Automatic;
				CURRENT_PROJECT_VERSION = 37;
				DEVELOPMENT_TEAM = Z3PCB8TM76;
				INFOPLIST_FILE = NeuralBikes/Info.plist;
				IPHONEOS_DEPLOYMENT_TARGET = 13.0;
				LD_RUNPATH_SEARCH_PATHS = (
					"$(inherited)",
					"@executable_path/Frameworks",
				);
				MARKETING_VERSION = 2020.5.1;
				PRODUCT_BUNDLE_IDENTIFIER = com.javierdemartin.bici;
				PRODUCT_NAME = "Neural Bikes";
				SUPPORTS_MACCATALYST = NO;
				SWIFT_VERSION = 5.0;
				TARGETED_DEVICE_FAMILY = "1,2";
			};
			name = Release;
		};
/* End XCBuildConfiguration section */

/* Begin XCConfigurationList section */
		80002925243FB92F00862C75 /* Build configuration list for PBXNativeTarget "NeuralBikesTests" */ = {
			isa = XCConfigurationList;
			buildConfigurations = (
				80002926243FB92F00862C75 /* Debug */,
				80002927243FB92F00862C75 /* Release */,
			);
			defaultConfigurationIsVisible = 0;
			defaultConfigurationName = Release;
		};
		8000477323EF425300492DFB /* Build configuration list for PBXNativeTarget "NeuralBikesUITests" */ = {
			isa = XCConfigurationList;
			buildConfigurations = (
				8000477423EF425300492DFB /* Debug */,
				8000477523EF425300492DFB /* Release */,
			);
			defaultConfigurationIsVisible = 0;
			defaultConfigurationName = Release;
		};
		8085CC54236E2CB500B45A7C /* Build configuration list for PBXProject "NeuralBikes" */ = {
			isa = XCConfigurationList;
			buildConfigurations = (
				8085CC81236E2CB800B45A7C /* Debug */,
				8085CC82236E2CB800B45A7C /* Release */,
			);
			defaultConfigurationIsVisible = 0;
			defaultConfigurationName = Release;
		};
		8085CC83236E2CB800B45A7C /* Build configuration list for PBXNativeTarget "NeuralBikes" */ = {
			isa = XCConfigurationList;
			buildConfigurations = (
				8085CC84236E2CB800B45A7C /* Debug */,
				8085CC85236E2CB800B45A7C /* Release */,
			);
			defaultConfigurationIsVisible = 0;
			defaultConfigurationName = Release;
		};
/* End XCConfigurationList section */
	};
	rootObject = 8085CC51236E2CB500B45A7C /* Project object */;
}
